// !$*UTF8*$!
{
	archiveVersion = 1;
	classes = {
	};
	objectVersion = 48;
	objects = {

/* Begin PBXBuildFile section */
		3202CDF91F67D471002342ED /* AppDelegate.swift in Sources */ = {isa = PBXBuildFile; fileRef = 3202CDF81F67D471002342ED /* AppDelegate.swift */; };
		3202CDFB1F67D471002342ED /* ViewController.swift in Sources */ = {isa = PBXBuildFile; fileRef = 3202CDFA1F67D471002342ED /* ViewController.swift */; };
		3202CE0B1F67D4DB002342ED /* MoreTextView.swift in Sources */ = {isa = PBXBuildFile; fileRef = 3202CE0A1F67D4DB002342ED /* MoreTextView.swift */; };
		3202CE111F67D8D3002342ED /* Launch Screen.storyboard in Resources */ = {isa = PBXBuildFile; fileRef = 3202CE101F67D8D3002342ED /* Launch Screen.storyboard */; };
/* End PBXBuildFile section */

/* Begin PBXFileReference section */
		3202CDF51F67D471002342ED /* Demo-AppStore-More.app */ = {isa = PBXFileReference; explicitFileType = wrapper.application; includeInIndex = 0; path = "Demo-AppStore-More.app"; sourceTree = BUILT_PRODUCTS_DIR; };
		3202CDF81F67D471002342ED /* AppDelegate.swift */ = {isa = PBXFileReference; lastKnownFileType = sourcecode.swift; path = AppDelegate.swift; sourceTree = "<group>"; };
		3202CDFA1F67D471002342ED /* ViewController.swift */ = {isa = PBXFileReference; lastKnownFileType = sourcecode.swift; path = ViewController.swift; sourceTree = "<group>"; };
		3202CE041F67D471002342ED /* Info.plist */ = {isa = PBXFileReference; lastKnownFileType = text.plist.xml; path = Info.plist; sourceTree = "<group>"; };
		3202CE0A1F67D4DB002342ED /* MoreTextView.swift */ = {isa = PBXFileReference; lastKnownFileType = sourcecode.swift; path = MoreTextView.swift; sourceTree = "<group>"; };
		3202CE101F67D8D3002342ED /* Launch Screen.storyboard */ = {isa = PBXFileReference; lastKnownFileType = file.storyboard; path = "Launch Screen.storyboard"; sourceTree = "<group>"; };
/* End PBXFileReference section */

/* Begin PBXFrameworksBuildPhase section */
		3202CDF21F67D471002342ED /* Frameworks */ = {
			isa = PBXFrameworksBuildPhase;
			buildActionMask = 2147483647;
			files = (
			);
			runOnlyForDeploymentPostprocessing = 0;
		};
/* End PBXFrameworksBuildPhase section */

/* Begin PBXGroup section */
		3202CDEC1F67D471002342ED = {
			isa = PBXGroup;
			children = (
				3202CE0A1F67D4DB002342ED /* MoreTextView.swift */,
				3202CDF71F67D471002342ED /* Demo-AppStore-More */,
				3202CDF61F67D471002342ED /* Products */,
			);
			sourceTree = "<group>";
		};
		3202CDF61F67D471002342ED /* Products */ = {
			isa = PBXGroup;
			children = (
				3202CDF51F67D471002342ED /* Demo-AppStore-More.app */,
			);
			name = Products;
			sourceTree = "<group>";
		};
		3202CDF71F67D471002342ED /* Demo-AppStore-More */ = {
			isa = PBXGroup;
			children = (
				3202CDF81F67D471002342ED /* AppDelegate.swift */,
				3202CDFA1F67D471002342ED /* ViewController.swift */,
				3202CE101F67D8D3002342ED /* Launch Screen.storyboard */,
				3202CE041F67D471002342ED /* Info.plist */,
			);
			path = "Demo-AppStore-More";
			sourceTree = "<group>";
		};
/* End PBXGroup section */

/* Begin PBXNativeTarget section */
		3202CDF41F67D471002342ED /* Demo-AppStore-More */ = {
			isa = PBXNativeTarget;
			buildConfigurationList = 3202CE071F67D471002342ED /* Build configuration list for PBXNativeTarget "Demo-AppStore-More" */;
			buildPhases = (
				3202CDF11F67D471002342ED /* Sources */,
				3202CDF21F67D471002342ED /* Frameworks */,
				3202CDF31F67D471002342ED /* Resources */,
			);
			buildRules = (
			);
			dependencies = (
			);
			name = "Demo-AppStore-More";
			productName = "Demo-AppStore-More";
			productReference = 3202CDF51F67D471002342ED /* Demo-AppStore-More.app */;
			productType = "com.apple.product-type.application";
		};
/* End PBXNativeTarget section */

/* Begin PBXProject section */
		3202CDED1F67D471002342ED /* Project object */ = {
			isa = PBXProject;
			attributes = {
				LastSwiftUpdateCheck = 0900;
				LastUpgradeCheck = 0900;
				ORGANIZATIONNAME = madordie;
				TargetAttributes = {
					3202CDF41F67D471002342ED = {
						CreatedOnToolsVersion = 9.0;
					};
				};
			};
			buildConfigurationList = 3202CDF01F67D471002342ED /* Build configuration list for PBXProject "Demo-AppStore-More" */;
			compatibilityVersion = "Xcode 8.0";
			developmentRegion = en;
			hasScannedForEncodings = 0;
			knownRegions = (
				en,
				Base,
			);
			mainGroup = 3202CDEC1F67D471002342ED;
			productRefGroup = 3202CDF61F67D471002342ED /* Products */;
			projectDirPath = "";
			projectRoot = "";
			targets = (
				3202CDF41F67D471002342ED /* Demo-AppStore-More */,
			);
		};
/* End PBXProject section */

/* Begin PBXResourcesBuildPhase section */
		3202CDF31F67D471002342ED /* Resources */ = {
			isa = PBXResourcesBuildPhase;
			buildActionMask = 2147483647;
			files = (
				3202CE111F67D8D3002342ED /* Launch Screen.storyboard in Resources */,
			);
			runOnlyForDeploymentPostprocessing = 0;
		};
/* End PBXResourcesBuildPhase section */

/* Begin PBXSourcesBuildPhase section */
		3202CDF11F67D471002342ED /* Sources */ = {
			isa = PBXSourcesBuildPhase;
			buildActionMask = 2147483647;
			files = (
				3202CDFB1F67D471002342ED /* ViewController.swift in Sources */,
				3202CDF91F67D471002342ED /* AppDelegate.swift in Sources */,
				3202CE0B1F67D4DB002342ED /* MoreTextView.swift in Sources */,
			);
			runOnlyForDeploymentPostprocessing = 0;
		};
/* End PBXSourcesBuildPhase section */

/* Begin XCBuildConfiguration section */
		3202CE051F67D471002342ED /* Debug */ = {
			isa = XCBuildConfiguration;
			buildSettings = {
				ALWAYS_SEARCH_USER_PATHS = NO;
				CLANG_ANALYZER_NONNULL = YES;
				CLANG_ANALYZER_NUMBER_OBJECT_CONVERSION = YES_AGGRESSIVE;
				CLANG_CXX_LANGUAGE_STANDARD = "gnu++14";
				CLANG_CXX_LIBRARY = "libc++";
				CLANG_ENABLE_MODULES = YES;
				CLANG_ENABLE_OBJC_ARC = YES;
				CLANG_WARN_BLOCK_CAPTURE_AUTORELEASING = YES;
				CLANG_WARN_BOOL_CONVERSION = YES;
				CLANG_WARN_COMMA = YES;
				CLANG_WARN_CONSTANT_CONVERSION = YES;
				CLANG_WARN_DIRECT_OBJC_ISA_USAGE = YES_ERROR;
				CLANG_WARN_DOCUMENTATION_COMMENTS = YES;
				CLANG_WARN_EMPTY_BODY = YES;
				CLANG_WARN_ENUM_CONVERSION = YES;
				CLANG_WARN_INFINITE_RECURSION = YES;
				CLANG_WARN_INT_CONVERSION = YES;
				CLANG_WARN_NON_LITERAL_NULL_CONVERSION = YES;
				CLANG_WARN_OBJC_LITERAL_CONVERSION = YES;
				CLANG_WARN_OBJC_ROOT_CLASS = YES_ERROR;
				CLANG_WARN_RANGE_LOOP_ANALYSIS = YES;
				CLANG_WARN_STRICT_PROTOTYPES = YES;
				CLANG_WARN_SUSPICIOUS_MOVE = YES;
				CLANG_WARN_UNGUARDED_AVAILABILITY = YES_AGGRESSIVE;
				CLANG_WARN_UNREACHABLE_CODE = YES;
				CLANG_WARN__DUPLICATE_METHOD_MATCH = YES;
				CODE_SIGN_IDENTITY = "iPhone Developer";
				COPY_PHASE_STRIP = NO;
				DEBUG_INFORMATION_FORMAT = dwarf;
				ENABLE_STRICT_OBJC_MSGSEND = YES;
				ENABLE_TESTABILITY = YES;
				GCC_C_LANGUAGE_STANDARD = gnu11;
				GCC_DYNAMIC_NO_PIC = NO;
				GCC_NO_COMMON_BLOCKS = YES;
				GCC_OPTIMIZATION_LEVEL = 0;
				GCC_PREPROCESSOR_DEFINITIONS = (
					"DEBUG=1",
					"$(inherited)",
				);
				GCC_WARN_64_TO_32_BIT_CONVERSION = YES;
				GCC_WARN_ABOUT_RETURN_TYPE = YES_ERROR;
				GCC_WARN_UNDECLARED_SELECTOR = YES;
				GCC_WARN_UNINITIALIZED_AUTOS = YES_AGGRESSIVE;
				GCC_WARN_UNUSED_FUNCTION = YES;
				GCC_WARN_UNUSED_VARIABLE = YES;
				IPHONEOS_DEPLOYMENT_TARGET = 11.0;
				MTL_ENABLE_DEBUG_INFO = YES;
				ONLY_ACTIVE_ARCH = YES;
				SDKROOT = iphoneos;
				SWIFT_ACTIVE_COMPILATION_CONDITIONS = DEBUG;
				SWIFT_OPTIMIZATION_LEVEL = "-Onone";
			};
			name = Debug;
		};
		3202CE061F67D471002342ED /* Release */ = {
			isa = XCBuildConfiguration;
			buildSettings = {
				ALWAYS_SEARCH_USER_PATHS = NO;
				CLANG_ANALYZER_NONNULL = YES;
				CLANG_ANALYZER_NUMBER_OBJECT_CONVERSION = YES_AGGRESSIVE;
				CLANG_CXX_LANGUAGE_STANDARD = "gnu++14";
				CLANG_CXX_LIBRARY = "libc++";
				CLANG_ENABLE_MODULES = YES;
				CLANG_ENABLE_OBJC_ARC = YES;
				CLANG_WARN_BLOCK_CAPTURE_AUTORELEASING = YES;
				CLANG_WARN_BOOL_CONVERSION = YES;
				CLANG_WARN_COMMA = YES;
				CLANG_WARN_CONSTANT_CONVERSION = YES;
				CLANG_WARN_DIRECT_OBJC_ISA_USAGE = YES_ERROR;
				CLANG_WARN_DOCUMENTATION_COMMENTS = YES;
				CLANG_WARN_EMPTY_BODY = YES;
				CLANG_WARN_ENUM_CONVERSION = YES;
				CLANG_WARN_INFINITE_RECURSION = YES;
				CLANG_WARN_INT_CONVERSION = YES;
				CLANG_WARN_NON_LITERAL_NULL_CONVERSION = YES;
				CLANG_WARN_OBJC_LITERAL_CONVERSION = YES;
				CLANG_WARN_OBJC_ROOT_CLASS = YES_ERROR;
				CLANG_WARN_RANGE_LOOP_ANALYSIS = YES;
				CLANG_WARN_STRICT_PROTOTYPES = YES;
				CLANG_WARN_SUSPICIOUS_MOVE = YES;
				CLANG_WARN_UNGUARDED_AVAILABILITY = YES_AGGRESSIVE;
				CLANG_WARN_UNREACHABLE_CODE = YES;
				CLANG_WARN__DUPLICATE_METHOD_MATCH = YES;
				CODE_SIGN_IDENTITY = "iPhone Developer";
				COPY_PHASE_STRIP = NO;
				DEBUG_INFORMATION_FORMAT = "dwarf-with-dsym";
				ENABLE_NS_ASSERTIONS = NO;
				ENABLE_STRICT_OBJC_MSGSEND = YES;
				GCC_C_LANGUAGE_STANDARD = gnu11;
				GCC_NO_COMMON_BLOCKS = YES;
				GCC_WARN_64_TO_32_BIT_CONVERSION = YES;
				GCC_WARN_ABOUT_RETURN_TYPE = YES_ERROR;
				GCC_WARN_UNDECLARED_SELECTOR = YES;
				GCC_WARN_UNINITIALIZED_AUTOS = YES_AGGRESSIVE;
				GCC_WARN_UNUSED_FUNCTION = YES;
				GCC_WARN_UNUSED_VARIABLE = YES;
				IPHONEOS_DEPLOYMENT_TARGET = 11.0;
				MTL_ENABLE_DEBUG_INFO = NO;
				SDKROOT = iphoneos;
				SWIFT_OPTIMIZATION_LEVEL = "-Owholemodule";
				VALIDATE_PRODUCT = YES;
			};
			name = Release;
		};
		3202CE081F67D471002342ED /* Debug */ = {
			isa = XCBuildConfiguration;
			buildSettings = {
				DEVELOPMENT_TEAM = JW6AL86C37;
				INFOPLIST_FILE = "Demo-AppStore-More/Info.plist";
				IPHONEOS_DEPLOYMENT_TARGET = 8.0;
				LD_RUNPATH_SEARCH_PATHS = "$(inherited) @executable_path/Frameworks";
				PRODUCT_BUNDLE_IDENTIFIER = "com.madordie.Demo-AppStore-More";
				PRODUCT_NAME = "$(TARGET_NAME)";
				SWIFT_VERSION = 4.0;
				TARGETED_DEVICE_FAMILY = "1,2";
			};
			name = Debug;
		};
		3202CE091F67D471002342ED /* Release */ = {
			isa = XCBuildConfiguration;
			buildSettings = {
				DEVELOPMENT_TEAM = JW6AL86C37;
				INFOPLIST_FILE = "Demo-AppStore-More/Info.plist";
				IPHONEOS_DEPLOYMENT_TARGET = 8.0;
				LD_RUNPATH_SEARCH_PATHS = "$(inherited) @executable_path/Frameworks";
				PRODUCT_BUNDLE_IDENTIFIER = "com.madordie.Demo-AppStore-More";
				PRODUCT_NAME = "$(TARGET_NAME)";
				SWIFT_VERSION = 4.0;
				TARGETED_DEVICE_FAMILY = "1,2";
			};
			name = Release;
		};
/* End XCBuildConfiguration section */

/* Begin XCConfigurationList section */
		3202CDF01F67D471002342ED /* Build configuration list for PBXProject "Demo-AppStore-More" */ = {
			isa = XCConfigurationList;
			buildConfigurations = (
				3202CE051F67D471002342ED /* Debug */,
				3202CE061F67D471002342ED /* Release */,
			);
			defaultConfigurationIsVisible = 0;
			defaultConfigurationName = Release;
		};
		3202CE071F67D471002342ED /* Build configuration list for PBXNativeTarget "Demo-AppStore-More" */ = {
			isa = XCConfigurationList;
			buildConfigurations = (
				3202CE081F67D471002342ED /* Debug */,
				3202CE091F67D471002342ED /* Release */,
			);
			defaultConfigurationIsVisible = 0;
			defaultConfigurationName = Release;
		};
/* End XCConfigurationList section */
	};
	rootObject = 3202CDED1F67D471002342ED /* Project object */;
}
